
Microsoft Visual Studio Solution File, Format Version 12.00
# Visual Studio Version 16
VisualStudioVersion = 16.0.29209.62
MinimumVisualStudioVersion = 10.0.40219.1
Project("{FAE04EC0-301F-11D3-BF4B-00C04F79EFBC}") = "Fotografix", "Fotografix\Fotografix.csproj", "{0FBE6CAA-DFDE-4765-8219-BCC9557CB0EC}"
EndProject
Project("{FAE04EC0-301F-11D3-BF4B-00C04F79EFBC}") = "Fotografix.UI", "Fotografix.UI\Fotografix.UI.csproj", "{319FA943-25C3-405E-97FC-02307CC817F0}"
EndProject
Project("{FAE04EC0-301F-11D3-BF4B-00C04F79EFBC}") = "Fotografix.Tests", "Fotografix.Tests\Fotografix.Tests.csproj", "{19AB42B2-9F06-4E27-8988-8BBB4F1D85E8}"
EndProject
Project("{9A19103F-16F7-4668-BE54-9A1E7A4F7556}") = "Fotografix.Core", "Fotografix.Core\Fotografix.Core.csproj", "{258C6A47-8821-49EB-A1BB-188456689DE4}"
EndProject
Project("{FAE04EC0-301F-11D3-BF4B-00C04F79EFBC}") = "Fotografix.Win2D", "Fotografix.Win2D\Fotografix.Win2D.csproj", "{C40B3DD4-0747-48AF-A67E-2BC88EBB9FCC}"
EndProject
Project("{FAE04EC0-301F-11D3-BF4B-00C04F79EFBC}") = "Fotografix.Editor", "Fotografix.Editor\Fotografix.Editor.csproj", "{C2424398-29D9-4392-A0C0-C4699C7B913B}"
EndProject
Project("{FAE04EC0-301F-11D3-BF4B-00C04F79EFBC}") = "Fotografix.Editor.Tests", "Fotografix.Editor.Tests\Fotografix.Editor.Tests.csproj", "{3F2F52B6-F574-4836-AC71-AE3ABD24619F}"
EndProject
Global
	GlobalSection(SolutionConfigurationPlatforms) = preSolution
		Debug|Any CPU = Debug|Any CPU
		Debug|ARM = Debug|ARM
		Debug|ARM64 = Debug|ARM64
		Debug|x64 = Debug|x64
		Debug|x86 = Debug|x86
		Release|Any CPU = Release|Any CPU
		Release|ARM = Release|ARM
		Release|ARM64 = Release|ARM64
		Release|x64 = Release|x64
		Release|x86 = Release|x86
	EndGlobalSection
	GlobalSection(ProjectConfigurationPlatforms) = postSolution
		{0FBE6CAA-DFDE-4765-8219-BCC9557CB0EC}.Debug|Any CPU.ActiveCfg = Debug|x86
		{0FBE6CAA-DFDE-4765-8219-BCC9557CB0EC}.Debug|ARM.ActiveCfg = Debug|ARM
		{0FBE6CAA-DFDE-4765-8219-BCC9557CB0EC}.Debug|ARM.Build.0 = Debug|ARM
		{0FBE6CAA-DFDE-4765-8219-BCC9557CB0EC}.Debug|ARM.Deploy.0 = Debug|ARM
		{0FBE6CAA-DFDE-4765-8219-BCC9557CB0EC}.Debug|ARM64.ActiveCfg = Debug|ARM64
		{0FBE6CAA-DFDE-4765-8219-BCC9557CB0EC}.Debug|ARM64.Build.0 = Debug|ARM64
		{0FBE6CAA-DFDE-4765-8219-BCC9557CB0EC}.Debug|ARM64.Deploy.0 = Debug|ARM64
		{0FBE6CAA-DFDE-4765-8219-BCC9557CB0EC}.Debug|x64.ActiveCfg = Debug|x64
		{0FBE6CAA-DFDE-4765-8219-BCC9557CB0EC}.Debug|x64.Build.0 = Debug|x64
		{0FBE6CAA-DFDE-4765-8219-BCC9557CB0EC}.Debug|x64.Deploy.0 = Debug|x64
		{0FBE6CAA-DFDE-4765-8219-BCC9557CB0EC}.Debug|x86.ActiveCfg = Debug|x86
		{0FBE6CAA-DFDE-4765-8219-BCC9557CB0EC}.Debug|x86.Build.0 = Debug|x86
		{0FBE6CAA-DFDE-4765-8219-BCC9557CB0EC}.Debug|x86.Deploy.0 = Debug|x86
		{0FBE6CAA-DFDE-4765-8219-BCC9557CB0EC}.Release|Any CPU.ActiveCfg = Release|x86
		{0FBE6CAA-DFDE-4765-8219-BCC9557CB0EC}.Release|ARM.ActiveCfg = Release|ARM
		{0FBE6CAA-DFDE-4765-8219-BCC9557CB0EC}.Release|ARM.Build.0 = Release|ARM
		{0FBE6CAA-DFDE-4765-8219-BCC9557CB0EC}.Release|ARM.Deploy.0 = Release|ARM
		{0FBE6CAA-DFDE-4765-8219-BCC9557CB0EC}.Release|ARM64.ActiveCfg = Release|ARM64
		{0FBE6CAA-DFDE-4765-8219-BCC9557CB0EC}.Release|ARM64.Build.0 = Release|ARM64
		{0FBE6CAA-DFDE-4765-8219-BCC9557CB0EC}.Release|ARM64.Deploy.0 = Release|ARM64
		{0FBE6CAA-DFDE-4765-8219-BCC9557CB0EC}.Release|x64.ActiveCfg = Release|x64
		{0FBE6CAA-DFDE-4765-8219-BCC9557CB0EC}.Release|x64.Build.0 = Release|x64
		{0FBE6CAA-DFDE-4765-8219-BCC9557CB0EC}.Release|x64.Deploy.0 = Release|x64
		{0FBE6CAA-DFDE-4765-8219-BCC9557CB0EC}.Release|x86.ActiveCfg = Release|x86
		{0FBE6CAA-DFDE-4765-8219-BCC9557CB0EC}.Release|x86.Build.0 = Release|x86
		{0FBE6CAA-DFDE-4765-8219-BCC9557CB0EC}.Release|x86.Deploy.0 = Release|x86
		{319FA943-25C3-405E-97FC-02307CC817F0}.Debug|Any CPU.ActiveCfg = Debug|Any CPU
		{319FA943-25C3-405E-97FC-02307CC817F0}.Debug|Any CPU.Build.0 = Debug|Any CPU
		{319FA943-25C3-405E-97FC-02307CC817F0}.Debug|ARM.ActiveCfg = Debug|ARM
		{319FA943-25C3-405E-97FC-02307CC817F0}.Debug|ARM.Build.0 = Debug|ARM
		{319FA943-25C3-405E-97FC-02307CC817F0}.Debug|ARM64.ActiveCfg = Debug|ARM64
		{319FA943-25C3-405E-97FC-02307CC817F0}.Debug|ARM64.Build.0 = Debug|ARM64
		{319FA943-25C3-405E-97FC-02307CC817F0}.Debug|x64.ActiveCfg = Debug|x64
		{319FA943-25C3-405E-97FC-02307CC817F0}.Debug|x64.Build.0 = Debug|x64
		{319FA943-25C3-405E-97FC-02307CC817F0}.Debug|x86.ActiveCfg = Debug|x86
		{319FA943-25C3-405E-97FC-02307CC817F0}.Debug|x86.Build.0 = Debug|x86
		{319FA943-25C3-405E-97FC-02307CC817F0}.Release|Any CPU.ActiveCfg = Release|Any CPU
		{319FA943-25C3-405E-97FC-02307CC817F0}.Release|Any CPU.Build.0 = Release|Any CPU
		{319FA943-25C3-405E-97FC-02307CC817F0}.Release|ARM.ActiveCfg = Release|ARM
		{319FA943-25C3-405E-97FC-02307CC817F0}.Release|ARM.Build.0 = Release|ARM
		{319FA943-25C3-405E-97FC-02307CC817F0}.Release|ARM64.ActiveCfg = Release|ARM64
		{319FA943-25C3-405E-97FC-02307CC817F0}.Release|ARM64.Build.0 = Release|ARM64
		{319FA943-25C3-405E-97FC-02307CC817F0}.Release|x64.ActiveCfg = Release|x64
		{319FA943-25C3-405E-97FC-02307CC817F0}.Release|x64.Build.0 = Release|x64
		{319FA943-25C3-405E-97FC-02307CC817F0}.Release|x86.ActiveCfg = Release|x86
		{319FA943-25C3-405E-97FC-02307CC817F0}.Release|x86.Build.0 = Release|x86
		{19AB42B2-9F06-4E27-8988-8BBB4F1D85E8}.Debug|Any CPU.ActiveCfg = Debug|x86
		{19AB42B2-9F06-4E27-8988-8BBB4F1D85E8}.Debug|ARM.ActiveCfg = Debug|ARM
		{19AB42B2-9F06-4E27-8988-8BBB4F1D85E8}.Debug|ARM.Build.0 = Debug|ARM
		{19AB42B2-9F06-4E27-8988-8BBB4F1D85E8}.Debug|ARM.Deploy.0 = Debug|ARM
		{19AB42B2-9F06-4E27-8988-8BBB4F1D85E8}.Debug|ARM64.ActiveCfg = Debug|ARM64
		{19AB42B2-9F06-4E27-8988-8BBB4F1D85E8}.Debug|ARM64.Build.0 = Debug|ARM64
		{19AB42B2-9F06-4E27-8988-8BBB4F1D85E8}.Debug|ARM64.Deploy.0 = Debug|ARM64
		{19AB42B2-9F06-4E27-8988-8BBB4F1D85E8}.Debug|x64.ActiveCfg = Debug|x64
		{19AB42B2-9F06-4E27-8988-8BBB4F1D85E8}.Debug|x64.Build.0 = Debug|x64
		{19AB42B2-9F06-4E27-8988-8BBB4F1D85E8}.Debug|x64.Deploy.0 = Debug|x64
		{19AB42B2-9F06-4E27-8988-8BBB4F1D85E8}.Debug|x86.ActiveCfg = Debug|x86
		{19AB42B2-9F06-4E27-8988-8BBB4F1D85E8}.Debug|x86.Build.0 = Debug|x86
		{19AB42B2-9F06-4E27-8988-8BBB4F1D85E8}.Debug|x86.Deploy.0 = Debug|x86
		{19AB42B2-9F06-4E27-8988-8BBB4F1D85E8}.Release|Any CPU.ActiveCfg = Release|x86
		{19AB42B2-9F06-4E27-8988-8BBB4F1D85E8}.Release|ARM.ActiveCfg = Release|ARM
		{19AB42B2-9F06-4E27-8988-8BBB4F1D85E8}.Release|ARM.Build.0 = Release|ARM
		{19AB42B2-9F06-4E27-8988-8BBB4F1D85E8}.Release|ARM.Deploy.0 = Release|ARM
		{19AB42B2-9F06-4E27-8988-8BBB4F1D85E8}.Release|ARM64.ActiveCfg = Release|ARM64
		{19AB42B2-9F06-4E27-8988-8BBB4F1D85E8}.Release|ARM64.Build.0 = Release|ARM64
		{19AB42B2-9F06-4E27-8988-8BBB4F1D85E8}.Release|ARM64.Deploy.0 = Release|ARM64
		{19AB42B2-9F06-4E27-8988-8BBB4F1D85E8}.Release|x64.ActiveCfg = Release|x64
		{19AB42B2-9F06-4E27-8988-8BBB4F1D85E8}.Release|x64.Build.0 = Release|x64
		{19AB42B2-9F06-4E27-8988-8BBB4F1D85E8}.Release|x64.Deploy.0 = Release|x64
		{19AB42B2-9F06-4E27-8988-8BBB4F1D85E8}.Release|x86.ActiveCfg = Release|x86
		{19AB42B2-9F06-4E27-8988-8BBB4F1D85E8}.Release|x86.Build.0 = Release|x86
		{19AB42B2-9F06-4E27-8988-8BBB4F1D85E8}.Release|x86.Deploy.0 = Release|x86
		{258C6A47-8821-49EB-A1BB-188456689DE4}.Debug|Any CPU.ActiveCfg = Debug|Any CPU
		{258C6A47-8821-49EB-A1BB-188456689DE4}.Debug|Any CPU.Build.0 = Debug|Any CPU
		{258C6A47-8821-49EB-A1BB-188456689DE4}.Debug|ARM.ActiveCfg = Debug|Any CPU
		{258C6A47-8821-49EB-A1BB-188456689DE4}.Debug|ARM.Build.0 = Debug|Any CPU
		{258C6A47-8821-49EB-A1BB-188456689DE4}.Debug|ARM64.ActiveCfg = Debug|Any CPU
		{258C6A47-8821-49EB-A1BB-188456689DE4}.Debug|ARM64.Build.0 = Debug|Any CPU
		{258C6A47-8821-49EB-A1BB-188456689DE4}.Debug|x64.ActiveCfg = Debug|Any CPU
		{258C6A47-8821-49EB-A1BB-188456689DE4}.Debug|x64.Build.0 = Debug|Any CPU
		{258C6A47-8821-49EB-A1BB-188456689DE4}.Debug|x86.ActiveCfg = Debug|Any CPU
		{258C6A47-8821-49EB-A1BB-188456689DE4}.Debug|x86.Build.0 = Debug|Any CPU
		{258C6A47-8821-49EB-A1BB-188456689DE4}.Release|Any CPU.ActiveCfg = Release|Any CPU
		{258C6A47-8821-49EB-A1BB-188456689DE4}.Release|Any CPU.Build.0 = Release|Any CPU
		{258C6A47-8821-49EB-A1BB-188456689DE4}.Release|ARM.ActiveCfg = Release|Any CPU
		{258C6A47-8821-49EB-A1BB-188456689DE4}.Release|ARM.Build.0 = Release|Any CPU
		{258C6A47-8821-49EB-A1BB-188456689DE4}.Release|ARM64.ActiveCfg = Release|Any CPU
		{258C6A47-8821-49EB-A1BB-188456689DE4}.Release|ARM64.Build.0 = Release|Any CPU
		{258C6A47-8821-49EB-A1BB-188456689DE4}.Release|x64.ActiveCfg = Release|Any CPU
		{258C6A47-8821-49EB-A1BB-188456689DE4}.Release|x64.Build.0 = Release|Any CPU
		{258C6A47-8821-49EB-A1BB-188456689DE4}.Release|x86.ActiveCfg = Release|Any CPU
		{258C6A47-8821-49EB-A1BB-188456689DE4}.Release|x86.Build.0 = Release|Any CPU
		{C40B3DD4-0747-48AF-A67E-2BC88EBB9FCC}.Debug|Any CPU.ActiveCfg = Debug|Any CPU
		{C40B3DD4-0747-48AF-A67E-2BC88EBB9FCC}.Debug|Any CPU.Build.0 = Debug|Any CPU
		{C40B3DD4-0747-48AF-A67E-2BC88EBB9FCC}.Debug|ARM.ActiveCfg = Debug|ARM
		{C40B3DD4-0747-48AF-A67E-2BC88EBB9FCC}.Debug|ARM.Build.0 = Debug|ARM
		{C40B3DD4-0747-48AF-A67E-2BC88EBB9FCC}.Debug|ARM64.ActiveCfg = Debug|ARM64
		{C40B3DD4-0747-48AF-A67E-2BC88EBB9FCC}.Debug|ARM64.Build.0 = Debug|ARM64
		{C40B3DD4-0747-48AF-A67E-2BC88EBB9FCC}.Debug|x64.ActiveCfg = Debug|x64
		{C40B3DD4-0747-48AF-A67E-2BC88EBB9FCC}.Debug|x64.Build.0 = Debug|x64
		{C40B3DD4-0747-48AF-A67E-2BC88EBB9FCC}.Debug|x86.ActiveCfg = Debug|x86
		{C40B3DD4-0747-48AF-A67E-2BC88EBB9FCC}.Debug|x86.Build.0 = Debug|x86
		{C40B3DD4-0747-48AF-A67E-2BC88EBB9FCC}.Release|Any CPU.ActiveCfg = Release|Any CPU
		{C40B3DD4-0747-48AF-A67E-2BC88EBB9FCC}.Release|Any CPU.Build.0 = Release|Any CPU
		{C40B3DD4-0747-48AF-A67E-2BC88EBB9FCC}.Release|ARM.ActiveCfg = Release|ARM
		{C40B3DD4-0747-48AF-A67E-2BC88EBB9FCC}.Release|ARM.Build.0 = Release|ARM
		{C40B3DD4-0747-48AF-A67E-2BC88EBB9FCC}.Release|ARM64.ActiveCfg = Release|ARM64
		{C40B3DD4-0747-48AF-A67E-2BC88EBB9FCC}.Release|ARM64.Build.0 = Release|ARM64
		{C40B3DD4-0747-48AF-A67E-2BC88EBB9FCC}.Release|x64.ActiveCfg = Release|x64
		{C40B3DD4-0747-48AF-A67E-2BC88EBB9FCC}.Release|x64.Build.0 = Release|x64
		{C40B3DD4-0747-48AF-A67E-2BC88EBB9FCC}.Release|x86.ActiveCfg = Release|x86
		{C40B3DD4-0747-48AF-A67E-2BC88EBB9FCC}.Release|x86.Build.0 = Release|x86
		{C2424398-29D9-4392-A0C0-C4699C7B913B}.Debug|Any CPU.ActiveCfg = Debug|Any CPU
		{C2424398-29D9-4392-A0C0-C4699C7B913B}.Debug|Any CPU.Build.0 = Debug|Any CPU
		{C2424398-29D9-4392-A0C0-C4699C7B913B}.Debug|ARM.ActiveCfg = Debug|Any CPU
		{C2424398-29D9-4392-A0C0-C4699C7B913B}.Debug|ARM.Build.0 = Debug|Any CPU
		{C2424398-29D9-4392-A0C0-C4699C7B913B}.Debug|ARM64.ActiveCfg = Debug|Any CPU
		{C2424398-29D9-4392-A0C0-C4699C7B913B}.Debug|ARM64.Build.0 = Debug|Any CPU
		{C2424398-29D9-4392-A0C0-C4699C7B913B}.Debug|x64.ActiveCfg = Debug|Any CPU
		{C2424398-29D9-4392-A0C0-C4699C7B913B}.Debug|x64.Build.0 = Debug|Any CPU
		{C2424398-29D9-4392-A0C0-C4699C7B913B}.Debug|x86.ActiveCfg = Debug|Any CPU
		{C2424398-29D9-4392-A0C0-C4699C7B913B}.Debug|x86.Build.0 = Debug|Any CPU
		{C2424398-29D9-4392-A0C0-C4699C7B913B}.Release|Any CPU.ActiveCfg = Release|Any CPU
		{C2424398-29D9-4392-A0C0-C4699C7B913B}.Release|Any CPU.Build.0 = Release|Any CPU
		{C2424398-29D9-4392-A0C0-C4699C7B913B}.Release|ARM.ActiveCfg = Release|Any CPU
		{C2424398-29D9-4392-A0C0-C4699C7B913B}.Release|ARM.Build.0 = Release|Any CPU
		{C2424398-29D9-4392-A0C0-C4699C7B913B}.Release|ARM64.ActiveCfg = Release|Any CPU
		{C2424398-29D9-4392-A0C0-C4699C7B913B}.Release|ARM64.Build.0 = Release|Any CPU
		{C2424398-29D9-4392-A0C0-C4699C7B913B}.Release|x64.ActiveCfg = Release|Any CPU
		{C2424398-29D9-4392-A0C0-C4699C7B913B}.Release|x64.Build.0 = Release|Any CPU
		{C2424398-29D9-4392-A0C0-C4699C7B913B}.Release|x86.ActiveCfg = Release|Any CPU
		{C2424398-29D9-4392-A0C0-C4699C7B913B}.Release|x86.Build.0 = Release|Any CPU
		{3F2F52B6-F574-4836-AC71-AE3ABD24619F}.Debug|Any CPU.ActiveCfg = Debug|Any CPU
		{3F2F52B6-F574-4836-AC71-AE3ABD24619F}.Debug|Any CPU.Build.0 = Debug|Any CPU
		{3F2F52B6-F574-4836-AC71-AE3ABD24619F}.Debug|ARM.ActiveCfg = Debug|Any CPU
		{3F2F52B6-F574-4836-AC71-AE3ABD24619F}.Debug|ARM.Build.0 = Debug|Any CPU
		{3F2F52B6-F574-4836-AC71-AE3ABD24619F}.Debug|ARM64.ActiveCfg = Debug|Any CPU
		{3F2F52B6-F574-4836-AC71-AE3ABD24619F}.Debug|ARM64.Build.0 = Debug|Any CPU
		{3F2F52B6-F574-4836-AC71-AE3ABD24619F}.Debug|x64.ActiveCfg = Debug|Any CPU
		{3F2F52B6-F574-4836-AC71-AE3ABD24619F}.Debug|x64.Build.0 = Debug|Any CPU
		{3F2F52B6-F574-4836-AC71-AE3ABD24619F}.Debug|x86.ActiveCfg = Debug|Any CPU
		{3F2F52B6-F574-4836-AC71-AE3ABD24619F}.Debug|x86.Build.0 = Debug|Any CPU
		{3F2F52B6-F574-4836-AC71-AE3ABD24619F}.Release|Any CPU.ActiveCfg = Release|Any CPU
		{3F2F52B6-F574-4836-AC71-AE3ABD24619F}.Release|Any CPU.Build.0 = Release|Any CPU
		{3F2F52B6-F574-4836-AC71-AE3ABD24619F}.Release|ARM.ActiveCfg = Release|Any CPU
		{3F2F52B6-F574-4836-AC71-AE3ABD24619F}.Release|ARM.Build.0 = Release|Any CPU
		{3F2F52B6-F574-4836-AC71-AE3ABD24619F}.Release|ARM64.ActiveCfg = Release|Any CPU
		{3F2F52B6-F574-4836-AC71-AE3ABD24619F}.Release|ARM64.Build.0 = Release|Any CPU
		{3F2F52B6-F574-4836-AC71-AE3ABD24619F}.Release|x64.ActiveCfg = Release|Any CPU
		{3F2F52B6-F574-4836-AC71-AE3ABD24619F}.Release|x64.Build.0 = Release|Any CPU
		{3F2F52B6-F574-4836-AC71-AE3ABD24619F}.Release|x86.ActiveCfg = Release|Any CPU
		{3F2F52B6-F574-4836-AC71-AE3ABD24619F}.Release|x86.Build.0 = Release|Any CPU
	EndGlobalSection
	GlobalSection(SolutionProperties) = preSolution
		HideSolutionNode = FALSE
	EndGlobalSection
	GlobalSection(ExtensibilityGlobals) = postSolution
		SolutionGuid = {216C462E-E098-4B6C-A1F9-6364F44CD19D}
	EndGlobalSection
EndGlobal
