<?xml version="1.0" encoding="utf-8"?>
<Project ToolsVersion="4.0" xmlns="http://schemas.microsoft.com/developer/msbuild/2003">
  <ItemGroup>
    <Filter Include="Source Files">
      <UniqueIdentifier>{4FC737F1-C7A5-4376-A066-2A32D752A2FF}</UniqueIdentifier>
      <Extensions>cpp;c;cc;cxx;def;odl;idl;hpj;bat;asm;asmx</Extensions>
    </Filter>
    <Filter Include="Header Files">
      <UniqueIdentifier>{93995380-89BD-4b04-88EB-625FBE52EBFB}</UniqueIdentifier>
      <Extensions>h;hpp;hxx;hm;inl;inc;xsd</Extensions>
    </Filter>
    <Filter Include="Resource Files">
      <UniqueIdentifier>{67DA6AB6-F800-4c08-8B7A-83BB121AAD01}</UniqueIdentifier>
      <Extensions>rc;ico;cur;bmp;dlg;rc2;rct;bin;rgs;gif;jpg;jpeg;jpe;resx;tiff;tif;png;wav</Extensions>
    </Filter>
  </ItemGroup>
  <ItemGroup>
    <ClCompile Include="AdjustDialog.cpp">
      <Filter>Source Files</Filter>
    </ClCompile>
    <ClCompile Include="CanvasDialog.cpp">
      <Filter>Source Files</Filter>
    </ClCompile>
    <ClCompile Include="ChildFrm.cpp">
      <Filter>Source Files</Filter>
    </ClCompile>
    <ClCompile Include="ColorPicker.cpp">
      <Filter>Source Files</Filter>
    </ClCompile>
    <ClCompile Include="DragListCtrl.cpp">
      <Filter>Source Files</Filter>
    </ClCompile>
    <ClCompile Include="FGXBitmap.cpp">
      <Filter>Source Files</Filter>
    </ClCompile>
    <ClCompile Include="FGXChannel.cpp">
      <Filter>Source Files</Filter>
    </ClCompile>
    <ClCompile Include="FGXGradient.cpp">
      <Filter>Source Files</Filter>
    </ClCompile>
    <ClCompile Include="FGXImage.cpp">
      <Filter>Source Files</Filter>
    </ClCompile>
    <ClCompile Include="FGXLayer.cpp">
      <Filter>Source Files</Filter>
    </ClCompile>
    <ClCompile Include="FGXScript.cpp">
      <Filter>Source Files</Filter>
    </ClCompile>
    <ClCompile Include="FGXSelection.cpp">
      <Filter>Source Files</Filter>
    </ClCompile>
    <ClCompile Include="FillDialog.cpp">
      <Filter>Source Files</Filter>
    </ClCompile>
    <ClCompile Include="Fotografix.cpp">
      <Filter>Source Files</Filter>
    </ClCompile>
    <ClCompile Include="FotografixDoc.cpp">
      <Filter>Source Files</Filter>
    </ClCompile>
    <ClCompile Include="FotografixView.cpp">
      <Filter>Source Files</Filter>
    </ClCompile>
    <ClCompile Include="InputDialog.cpp">
      <Filter>Source Files</Filter>
    </ClCompile>
    <ClCompile Include="JPEGDialog.cpp">
      <Filter>Source Files</Filter>
    </ClCompile>
    <ClCompile Include="Language.cpp">
      <Filter>Source Files</Filter>
    </ClCompile>
    <ClCompile Include="LayerDialog.cpp">
      <Filter>Source Files</Filter>
    </ClCompile>
    <ClCompile Include="MainFrm.cpp">
      <Filter>Source Files</Filter>
    </ClCompile>
    <ClCompile Include="NewDialog.cpp">
      <Filter>Source Files</Filter>
    </ClCompile>
    <ClCompile Include="RawDialog.cpp">
      <Filter>Source Files</Filter>
    </ClCompile>
    <ClCompile Include="RulerDialog.cpp">
      <Filter>Source Files</Filter>
    </ClCompile>
    <ClCompile Include="SizeDialog.cpp">
      <Filter>Source Files</Filter>
    </ClCompile>
    <ClCompile Include="StaticHeader.cpp">
      <Filter>Source Files</Filter>
    </ClCompile>
    <ClCompile Include="stdafx.cpp">
      <Filter>Source Files</Filter>
    </ClCompile>
    <ClCompile Include="TextDialog.cpp">
      <Filter>Source Files</Filter>
    </ClCompile>
    <ClCompile Include="TransformTracker.cpp">
      <Filter>Source Files</Filter>
    </ClCompile>
  </ItemGroup>
  <ItemGroup>
    <ClInclude Include="AdjustDialog.h">
      <Filter>Header Files</Filter>
    </ClInclude>
    <ClInclude Include="CanvasDialog.h">
      <Filter>Header Files</Filter>
    </ClInclude>
    <ClInclude Include="ChildFrm.h">
      <Filter>Header Files</Filter>
    </ClInclude>
    <ClInclude Include="ColorPicker.h">
      <Filter>Header Files</Filter>
    </ClInclude>
    <ClInclude Include="DragListCtrl.h">
      <Filter>Header Files</Filter>
    </ClInclude>
    <ClInclude Include="FGX.h">
      <Filter>Header Files</Filter>
    </ClInclude>
    <ClInclude Include="FGXBitmap.h">
      <Filter>Header Files</Filter>
    </ClInclude>
    <ClInclude Include="FGXChannel.h">
      <Filter>Header Files</Filter>
    </ClInclude>
    <ClInclude Include="FGXGradient.h">
      <Filter>Header Files</Filter>
    </ClInclude>
    <ClInclude Include="FGXImage.h">
      <Filter>Header Files</Filter>
    </ClInclude>
    <ClInclude Include="FGXLayer.h">
      <Filter>Header Files</Filter>
    </ClInclude>
    <ClInclude Include="FGXScript.h">
      <Filter>Header Files</Filter>
    </ClInclude>
    <ClInclude Include="FGXSelection.h">
      <Filter>Header Files</Filter>
    </ClInclude>
    <ClInclude Include="FillDialog.h">
      <Filter>Header Files</Filter>
    </ClInclude>
    <ClInclude Include="Fotografix.h">
      <Filter>Header Files</Filter>
    </ClInclude>
    <ClInclude Include="FotografixDoc.h">
      <Filter>Header Files</Filter>
    </ClInclude>
    <ClInclude Include="FotografixView.h">
      <Filter>Header Files</Filter>
    </ClInclude>
    <ClInclude Include="InputDialog.h">
      <Filter>Header Files</Filter>
    </ClInclude>
    <ClInclude Include="JPEGDialog.h">
      <Filter>Header Files</Filter>
    </ClInclude>
    <ClInclude Include="Language.h">
      <Filter>Header Files</Filter>
    </ClInclude>
    <ClInclude Include="LayerDialog.h">
      <Filter>Header Files</Filter>
    </ClInclude>
    <ClInclude Include="MainFrm.h">
      <Filter>Header Files</Filter>
    </ClInclude>
    <ClInclude Include="NewDialog.h">
      <Filter>Header Files</Filter>
    </ClInclude>
    <ClInclude Include="RawDialog.h">
      <Filter>Header Files</Filter>
    </ClInclude>
    <ClInclude Include="RulerDialog.h">
      <Filter>Header Files</Filter>
    </ClInclude>
    <ClInclude Include="SizeDialog.h">
      <Filter>Header Files</Filter>
    </ClInclude>
    <ClInclude Include="StaticHeader.h">
      <Filter>Header Files</Filter>
    </ClInclude>
    <ClInclude Include="stdafx.h">
      <Filter>Header Files</Filter>
    </ClInclude>
    <ClInclude Include="TextDialog.h">
      <Filter>Header Files</Filter>
    </ClInclude>
    <ClInclude Include="TransformTracker.h">
      <Filter>Header Files</Filter>
    </ClInclude>
  </ItemGroup>
  <ItemGroup>
    <Image Include="res\adjust.bmp">
      <Filter>Resource Files</Filter>
    </Image>
    <Image Include="res\adjust.ico">
      <Filter>Resource Files</Filter>
    </Image>
    <Image Include="hlp\Images\Bullet.gif">
      <Filter>Resource Files</Filter>
    </Image>
    <Image Include="res\color1.bmp">
      <Filter>Resource Files</Filter>
    </Image>
    <Image Include="res\color2.bmp">
      <Filter>Resource Files</Filter>
    </Image>
    <Image Include="res\file.ico">
      <Filter>Resource Files</Filter>
    </Image>
    <Image Include="res\folder.ico">
      <Filter>Resource Files</Filter>
    </Image>
    <Image Include="res\Fotografix.ico">
      <Filter>Resource Files</Filter>
    </Image>
    <Image Include="res\FotografixDoc.ico">
      <Filter>Resource Files</Filter>
    </Image>
    <Image Include="res\layer.ico">
      <Filter>Resource Files</Filter>
    </Image>
    <Image Include="res\size.ico">
      <Filter>Resource Files</Filter>
    </Image>
    <Image Include="res\text.ico">
      <Filter>Resource Files</Filter>
    </Image>
    <Image Include="res\Toolbar.bmp">
      <Filter>Resource Files</Filter>
    </Image>
    <Image Include="res\tools.bmp">
      <Filter>Resource Files</Filter>
    </Image>
    <Image Include="res\zoom.ico">
      <Filter>Resource Files</Filter>
    </Image>
  </ItemGroup>
  <ItemGroup>
    <None Include="res\cross.cur">
      <Filter>Resource Files</Filter>
    </None>
    <None Include="res\dropper.cur">
      <Filter>Resource Files</Filter>
    </None>
    <None Include="res\Fotografix.rc2">
      <Filter>Resource Files</Filter>
    </None>
    <None Include="res\hand.cur">
      <Filter>Resource Files</Filter>
    </None>
    <None Include="res\hand2.cur">
      <Filter>Resource Files</Filter>
    </None>
    <None Include="res\move.cur">
      <Filter>Resource Files</Filter>
    </None>
    <None Include="res\move4way.cur">
      <Filter>Resource Files</Filter>
    </None>
    <None Include="res\text.cur">
      <Filter>Resource Files</Filter>
    </None>
    <None Include="res\track4way.cur">
      <Filter>Resource Files</Filter>
    </None>
    <None Include="res\tracknesw.cur">
      <Filter>Resource Files</Filter>
    </None>
    <None Include="res\trackns.cur">
      <Filter>Resource Files</Filter>
    </None>
    <None Include="res\tracknwse.cur">
      <Filter>Resource Files</Filter>
    </None>
    <None Include="res\trackwe.cur">
      <Filter>Resource Files</Filter>
    </None>
    <None Include="res\zoom.cur">
      <Filter>Resource Files</Filter>
    </None>
    <None Include="Fotografix.reg" />
  </ItemGroup>
  <ItemGroup>
    <ResourceCompile Include="Fotografix.rc">
      <Filter>Resource Files</Filter>
    </ResourceCompile>
  </ItemGroup>
  <ItemGroup>
    <Text Include="ReadMe.txt" />
  </ItemGroup>
  <ItemGroup>
    <CustomBuild Include="Resource.h">
      <Filter>Header Files</Filter>
    </CustomBuild>
  </ItemGroup>
</Project>